<?xml version="1.0" encoding="utf-8"?>
<Project ToolsVersion="4.0" xmlns="http://schemas.microsoft.com/developer/msbuild/2003">
  <ItemGroup>
    <Filter Include="來源檔案">
      <UniqueIdentifier>{4FC737F1-C7A5-4376-A066-2A32D752A2FF}</UniqueIdentifier>
      <Extensions>cpp;c;cc;cxx;c++;cppm;ixx;def;odl;idl;hpj;bat;asm;asmx</Extensions>
    </Filter>
    <Filter Include="標頭檔">
      <UniqueIdentifier>{93995380-89BD-4b04-88EB-625FBE52EBFB}</UniqueIdentifier>
      <Extensions>h;hh;hpp;hxx;h++;hm;inl;inc;ipp;xsd</Extensions>
    </Filter>
    <Filter Include="資源檔">
      <UniqueIdentifier>{67DA6AB6-F800-4c08-8B7A-83BB121AAD01}</UniqueIdentifier>
      <Extensions>rc;ico;cur;bmp;dlg;rc2;rct;bin;rgs;gif;jpg;jpeg;jpe;resx;tiff;tif;png;wav;mfcribbon-ms</Extensions>
    </Filter>
  </ItemGroup>
  <ItemGroup>
    <None Include="packages.config" />
    <None Include="TowerDefense\NTHU_I2P_MiniProject2.entitlements" />
    <None Include="TowerDefense\ViewController.m" />
  </ItemGroup>
  <ItemGroup>
    <ClCompile Include="TowerDefense\Allegro5Exception.cpp">
      <Filter>來源檔案</Filter>
    </ClCompile>
    <ClCompile Include="TowerDefense\AudioHelper.cpp">
      <Filter>來源檔案</Filter>
    </ClCompile>
    <ClCompile Include="TowerDefense\Bullet.cpp">
      <Filter>來源檔案</Filter>
    </ClCompile>
    <ClCompile Include="TowerDefense\Collider.cpp">
      <Filter>來源檔案</Filter>
    </ClCompile>
    <ClCompile Include="TowerDefense\DirtyEffect.cpp">
      <Filter>來源檔案</Filter>
    </ClCompile>
    <ClCompile Include="TowerDefense\Enemy.cpp">
      <Filter>來源檔案</Filter>
    </ClCompile>
    <ClCompile Include="TowerDefense\ExplosionEffect.cpp">
      <Filter>來源檔案</Filter>
    </ClCompile>
    <ClCompile Include="TowerDefense\GameEngine.cpp">
      <Filter>來源檔案</Filter>
    </ClCompile>
    <ClCompile Include="TowerDefense\Group.cpp">
      <Filter>來源檔案</Filter>
    </ClCompile>
    <ClCompile Include="TowerDefense\IControl.cpp">
      <Filter>來源檔案</Filter>
    </ClCompile>
    <ClCompile Include="TowerDefense\Image.cpp">
      <Filter>來源檔案</Filter>
    </ClCompile>
    <ClCompile Include="TowerDefense\ImageButton.cpp">
      <Filter>來源檔案</Filter>
    </ClCompile>
    <ClCompile Include="TowerDefense\IObject.cpp">
      <Filter>來源檔案</Filter>
    </ClCompile>
    <ClCompile Include="TowerDefense\IScene.cpp">
      <Filter>來源檔案</Filter>
    </ClCompile>
    <ClCompile Include="TowerDefense\Label.cpp">
      <Filter>來源檔案</Filter>
    </ClCompile>
    <ClCompile Include="TowerDefense\LOG.cpp">
      <Filter>來源檔案</Filter>
    </ClCompile>
    <ClCompile Include="TowerDefense\LoseScene.cpp">
      <Filter>來源檔案</Filter>
    </ClCompile>
    <ClCompile Include="TowerDefense\main.cpp">
      <Filter>來源檔案</Filter>
    </ClCompile>
    <ClCompile Include="TowerDefense\Plane.cpp">
      <Filter>來源檔案</Filter>
    </ClCompile>
    <ClCompile Include="TowerDefense\PlayScene.cpp">
      <Filter>來源檔案</Filter>
    </ClCompile>
    <ClCompile Include="TowerDefense\PlugGunTurret.cpp">
      <Filter>來源檔案</Filter>
    </ClCompile>
    <ClCompile Include="TowerDefense\Point.cpp">
      <Filter>來源檔案</Filter>
    </ClCompile>
    <ClCompile Include="TowerDefense\RedNormalEnemy.cpp">
      <Filter>來源檔案</Filter>
    </ClCompile>
    <ClCompile Include="TowerDefense\Resources.cpp">
      <Filter>來源檔案</Filter>
    </ClCompile>
    <ClCompile Include="TowerDefense\Slider.cpp">
      <Filter>來源檔案</Filter>
    </ClCompile>
    <ClCompile Include="TowerDefense\Sprite.cpp">
      <Filter>來源檔案</Filter>
    </ClCompile>
    <ClCompile Include="TowerDefense\StageSelectScene.cpp">
      <Filter>來源檔案</Filter>
    </ClCompile>
    <ClCompile Include="TowerDefense\StartScene.cpp">
      <Filter>來源檔案</Filter>
    </ClCompile>
    <ClCompile Include="TowerDefense\Turret.cpp">
      <Filter>來源檔案</Filter>
    </ClCompile>
    <ClCompile Include="TowerDefense\TurretButton.cpp">
      <Filter>來源檔案</Filter>
    </ClCompile>
    <ClCompile Include="TowerDefense\WinScene.cpp">
      <Filter>來源檔案</Filter>
    </ClCompile>
    <ClCompile Include="TowerDefense\WoodBullet.cpp">
      <Filter>來源檔案</Filter>
    </ClCompile>
    <ClCompile Include="TowerDefense\SettingScene.cpp">
      <Filter>來源檔案</Filter>
    </ClCompile>
    <ClCompile Include="TowerDefense\notnomalenemy.cpp">
      <Filter>來源檔案</Filter>
    </ClCompile>
    <ClCompile Include="TowerDefense\PlugGunTurret2.cpp">
      <Filter>來源檔案</Filter>
    </ClCompile>
    <ClCompile Include="TowerDefense\WoodBullet2.cpp">
      <Filter>來源檔案</Filter>
    </ClCompile>
    <ClCompile Include="TowerDefense\ExplosionEffect2.cpp">
      <Filter>來源檔案</Filter>
    </ClCompile>
    <ClCompile Include="TowerDefense\notnomalenemy2.cpp">
      <Filter>來源檔案</Filter>
    </ClCompile>
    <ClCompile Include="TowerDefense\PlugGunTurret3.cpp">
      <Filter>來源檔案</Filter>
    </ClCompile>
    <ClCompile Include="TowerDefense\PlugGunTurret4.cpp">
      <Filter>來源檔案</Filter>
    </ClCompile>
    <ClCompile Include="TowerDefense\WoodBullet3.cpp">
      <Filter>來源檔案</Filter>
    </ClCompile>
    <ClCompile Include="TowerDefense\PlugGunTurret5.cpp">
      <Filter>來源檔案</Filter>
    </ClCompile>
    <ClCompile Include="TowerDefense\PlugGunTurret6.cpp">
      <Filter>來源檔案</Filter>
    </ClCompile>
    <ClCompile Include="TowerDefense\PlugGunTurret7.cpp">
      <Filter>來源檔案</Filter>
    </ClCompile>
    <ClCompile Include="TowerDefense\boss.cpp">
      <Filter>來源檔案</Filter>
    </ClCompile>
  </ItemGroup>
  <ItemGroup>
    <ClInclude Include="TowerDefense\Allegro5Exception.hpp">
      <Filter>標頭檔</Filter>
    </ClInclude>
    <ClInclude Include="TowerDefense\AudioHelper.hpp">
      <Filter>標頭檔</Filter>
    </ClInclude>
    <ClInclude Include="TowerDefense\Bullet.hpp">
      <Filter>標頭檔</Filter>
    </ClInclude>
    <ClInclude Include="TowerDefense\Collider.hpp">
      <Filter>標頭檔</Filter>
    </ClInclude>
    <ClInclude Include="TowerDefense\DirtyEffect.hpp">
      <Filter>標頭檔</Filter>
    </ClInclude>
    <ClInclude Include="TowerDefense\Enemy.hpp">
      <Filter>標頭檔</Filter>
    </ClInclude>
    <ClInclude Include="TowerDefense\ExplosionEffect.hpp">
      <Filter>標頭檔</Filter>
    </ClInclude>
    <ClInclude Include="TowerDefense\GameEngine.hpp">
      <Filter>標頭檔</Filter>
    </ClInclude>
    <ClInclude Include="TowerDefense\Group.hpp">
      <Filter>標頭檔</Filter>
    </ClInclude>
    <ClInclude Include="TowerDefense\IControl.hpp">
      <Filter>標頭檔</Filter>
    </ClInclude>
    <ClInclude Include="TowerDefense\Image.hpp">
      <Filter>標頭檔</Filter>
    </ClInclude>
    <ClInclude Include="TowerDefense\ImageButton.hpp">
      <Filter>標頭檔</Filter>
    </ClInclude>
    <ClInclude Include="TowerDefense\IObject.hpp">
      <Filter>標頭檔</Filter>
    </ClInclude>
    <ClInclude Include="TowerDefense\IScene.hpp">
      <Filter>標頭檔</Filter>
    </ClInclude>
    <ClInclude Include="TowerDefense\Label.hpp">
      <Filter>標頭檔</Filter>
    </ClInclude>
    <ClInclude Include="TowerDefense\LOG.hpp">
      <Filter>標頭檔</Filter>
    </ClInclude>
    <ClInclude Include="TowerDefense\LoseScene.hpp">
      <Filter>標頭檔</Filter>
    </ClInclude>
    <ClInclude Include="TowerDefense\Plane.hpp">
      <Filter>標頭檔</Filter>
    </ClInclude>
    <ClInclude Include="TowerDefense\PlayScene.hpp">
      <Filter>標頭檔</Filter>
    </ClInclude>
    <ClInclude Include="TowerDefense\PlugGunTurret.hpp">
      <Filter>標頭檔</Filter>
    </ClInclude>
    <ClInclude Include="TowerDefense\Point.hpp">
      <Filter>標頭檔</Filter>
    </ClInclude>
    <ClInclude Include="TowerDefense\RedNormalEnemy.hpp">
      <Filter>標頭檔</Filter>
    </ClInclude>
    <ClInclude Include="TowerDefense\Resources.hpp">
      <Filter>標頭檔</Filter>
    </ClInclude>
    <ClInclude Include="TowerDefense\Slider.hpp">
      <Filter>標頭檔</Filter>
    </ClInclude>
    <ClInclude Include="TowerDefense\Sprite.hpp">
      <Filter>標頭檔</Filter>
    </ClInclude>
    <ClInclude Include="TowerDefense\StageSelectScene.hpp">
      <Filter>標頭檔</Filter>
    </ClInclude>
    <ClInclude Include="TowerDefense\StartScene.hpp">
      <Filter>標頭檔</Filter>
    </ClInclude>
    <ClInclude Include="TowerDefense\Turret.hpp">
      <Filter>標頭檔</Filter>
    </ClInclude>
    <ClInclude Include="TowerDefense\TurretButton.hpp">
      <Filter>標頭檔</Filter>
    </ClInclude>
    <ClInclude Include="TowerDefense\ViewController.h">
      <Filter>標頭檔</Filter>
    </ClInclude>
    <ClInclude Include="TowerDefense\WinScene.hpp">
      <Filter>標頭檔</Filter>
    </ClInclude>
    <ClInclude Include="TowerDefense\WoodBullet.hpp">
      <Filter>標頭檔</Filter>
    </ClInclude>
    <ClInclude Include="Header.h">
      <Filter>標頭檔</Filter>
    </ClInclude>
    <ClInclude Include="TowerDefense\SettingScene.hpp">
      <Filter>標頭檔</Filter>
    </ClInclude>
    <ClInclude Include="TowerDefense\notnomalenemy.hpp">
      <Filter>標頭檔</Filter>
    </ClInclude>
    <ClInclude Include="TowerDefense\PlugGunTurret2.hpp">
      <Filter>標頭檔</Filter>
    </ClInclude>
    <ClInclude Include="TowerDefense\WoodBullet2.hpp">
      <Filter>標頭檔</Filter>
    </ClInclude>
    <ClInclude Include="TowerDefense\ExplosionEffect2.hpp">
      <Filter>標頭檔</Filter>
    </ClInclude>
    <ClInclude Include="TowerDefense\notnomoalenemy2.hpp">
      <Filter>標頭檔</Filter>
    </ClInclude>
    <ClInclude Include="TowerDefense\PlugGunTurret3.hpp">
      <Filter>標頭檔</Filter>
    </ClInclude>
    <ClInclude Include="TowerDefense\PlugGunTurret4.hpp">
      <Filter>標頭檔</Filter>
    </ClInclude>
    <ClInclude Include="TowerDefense\WoodBullet3.hpp">
      <Filter>標頭檔</Filter>
    </ClInclude>
    <ClInclude Include="TowerDefense\PlugGunTurret5.hpp">
      <Filter>標頭檔</Filter>
    </ClInclude>
    <ClInclude Include="TowerDefense\PlugGunTurret6.hpp">
      <Filter>標頭檔</Filter>
    </ClInclude>
    <ClInclude Include="TowerDefense\PlugGunTurret7.hpp">
      <Filter>標頭檔</Filter>
    </ClInclude>
    <ClInclude Include="TowerDefense\boss.hpp">
      <Filter>標頭檔</Filter>
    </ClInclude>
  </ItemGroup>
  <ItemGroup>
    <Text Include="TowerDefense\log.txt" />
    <Text Include="TowerDefense\allegro.log" />
  </ItemGroup>
</Project>